
Microsoft Visual Studio Solution File, Format Version 12.00
# Visual Studio Version 16
VisualStudioVersion = 16.0.28803.202
MinimumVisualStudioVersion = 10.0.40219.1
Project("{FAE04EC0-301F-11D3-BF4B-00C04F79EFBC}") = "UmpiringApi", "UmpiringApi\UmpiringApi.csproj", "{AA424331-BA34-420A-9378-C5A82C6CF478}"
EndProject
Global
	GlobalSection(SolutionConfigurationPlatforms) = preSolution
		Debug|Any CPU = Debug|Any CPU
		Release|Any CPU = Release|Any CPU
	EndGlobalSection
	GlobalSection(ProjectConfigurationPlatforms) = postSolution
		{AA424331-BA34-420A-9378-C5A82C6CF478}.Debug|Any CPU.ActiveCfg = Debug|Any CPU
		{AA424331-BA34-420A-9378-C5A82C6CF478}.Debug|Any CPU.Build.0 = Debug|Any CPU
		{AA424331-BA34-420A-9378-C5A82C6CF478}.Release|Any CPU.ActiveCfg = Release|Any CPU
		{AA424331-BA34-420A-9378-C5A82C6CF478}.Release|Any CPU.Build.0 = Release|Any CPU
	EndGlobalSection
	GlobalSection(SolutionProperties) = preSolution
		HideSolutionNode = FALSE
	EndGlobalSection
	GlobalSection(ExtensibilityGlobals) = postSolution
		SolutionGuid = {7F856769-776F-441C-B4C2-6319136F01A9}
	EndGlobalSection
EndGlobal
